
Microsoft Visual Studio Solution File, Format Version 12.00
# Visual Studio 15
VisualStudioVersion = 15.0.26228.4
MinimumVisualStudioVersion = 10.0.40219.1
Project("{FAE04EC0-301F-11D3-BF4B-00C04F79EFBC}") = "Nova3diLab", "Nova3diLab\Nova3diLab.csproj", "{A183AD1D-C0C1-4F4F-B97D-874B611F2047}"
EndProject
Project("{FAE04EC0-301F-11D3-BF4B-00C04F79EFBC}") = "Nova3diLab.ConsoleApp", "Nova3diLab.ConsoleApp\Nova3diLab.ConsoleApp.csproj", "{0EDEC542-041C-4FAC-965D-4D89EF4AC58D}"
EndProject
Project("{2150E333-8FDC-42A3-9474-1A3956D46DE8}") = "sample-files", "sample-files", "{DCC98D8A-507C-4CE2-8F02-03DA419E2C67}"
	ProjectSection(SolutionItems) = preProject
		..\..\..\..\..\Downloads\LAPTOPxps.3DI = ..\..\..\..\..\Downloads\LAPTOPxps.3DI
	EndProjectSection
EndProject
Global
	GlobalSection(SolutionConfigurationPlatforms) = preSolution
		Debug|Any CPU = Debug|Any CPU
		Release|Any CPU = Release|Any CPU
	EndGlobalSection
	GlobalSection(ProjectConfigurationPlatforms) = postSolution
		{A183AD1D-C0C1-4F4F-B97D-874B611F2047}.Debug|Any CPU.ActiveCfg = Debug|Any CPU
		{A183AD1D-C0C1-4F4F-B97D-874B611F2047}.Debug|Any CPU.Build.0 = Debug|Any CPU
		{A183AD1D-C0C1-4F4F-B97D-874B611F2047}.Release|Any CPU.ActiveCfg = Release|Any CPU
		{A183AD1D-C0C1-4F4F-B97D-874B611F2047}.Release|Any CPU.Build.0 = Release|Any CPU
		{0EDEC542-041C-4FAC-965D-4D89EF4AC58D}.Debug|Any CPU.ActiveCfg = Debug|Any CPU
		{0EDEC542-041C-4FAC-965D-4D89EF4AC58D}.Debug|Any CPU.Build.0 = Debug|Any CPU
		{0EDEC542-041C-4FAC-965D-4D89EF4AC58D}.Release|Any CPU.ActiveCfg = Release|Any CPU
		{0EDEC542-041C-4FAC-965D-4D89EF4AC58D}.Release|Any CPU.Build.0 = Release|Any CPU
	EndGlobalSection
	GlobalSection(SolutionProperties) = preSolution
		HideSolutionNode = FALSE
	EndGlobalSection
EndGlobal
