
Microsoft Visual Studio Solution File, Format Version 12.00
# Visual Studio 15
VisualStudioVersion = 15.0.26228.9
MinimumVisualStudioVersion = 10.0.40219.1
Project("{FAE04EC0-301F-11D3-BF4B-00C04F79EFBC}") = "Nova3diLab", "Nova3diLab\Nova3diLab.csproj", "{A183AD1D-C0C1-4F4F-B97D-874B611F2047}"
EndProject
Project("{FAE04EC0-301F-11D3-BF4B-00C04F79EFBC}") = "Nova3diLab.Tests", "Nova3diLab.Tests\Nova3diLab.Tests.csproj", "{515D96D0-FE1F-4905-B8D0-E70B05E35F35}"
EndProject
Global
	GlobalSection(SolutionConfigurationPlatforms) = preSolution
		Debug|Any CPU = Debug|Any CPU
		Release|Any CPU = Release|Any CPU
	EndGlobalSection
	GlobalSection(ProjectConfigurationPlatforms) = postSolution
		{A183AD1D-C0C1-4F4F-B97D-874B611F2047}.Debug|Any CPU.ActiveCfg = Debug|Any CPU
		{A183AD1D-C0C1-4F4F-B97D-874B611F2047}.Debug|Any CPU.Build.0 = Debug|Any CPU
		{A183AD1D-C0C1-4F4F-B97D-874B611F2047}.Release|Any CPU.ActiveCfg = Release|Any CPU
		{A183AD1D-C0C1-4F4F-B97D-874B611F2047}.Release|Any CPU.Build.0 = Release|Any CPU
		{515D96D0-FE1F-4905-B8D0-E70B05E35F35}.Debug|Any CPU.ActiveCfg = Debug|Any CPU
		{515D96D0-FE1F-4905-B8D0-E70B05E35F35}.Debug|Any CPU.Build.0 = Debug|Any CPU
		{515D96D0-FE1F-4905-B8D0-E70B05E35F35}.Release|Any CPU.ActiveCfg = Release|Any CPU
		{515D96D0-FE1F-4905-B8D0-E70B05E35F35}.Release|Any CPU.Build.0 = Release|Any CPU
	EndGlobalSection
	GlobalSection(SolutionProperties) = preSolution
		HideSolutionNode = FALSE
	EndGlobalSection
	GlobalSection(ExtensibilityGlobals) = postSolution
		SolutionGuid = {42CCD1B5-4A03-4EDE-8B9A-55CD299330AC}
	EndGlobalSection
EndGlobal
